
Microsoft Visual Studio Solution File, Format Version 12.00
# Visual Studio Version 17
VisualStudioVersion = 17.0.31903.59
MinimumVisualStudioVersion = 10.0.40219.1
Project("{FAE04EC0-301F-11D3-BF4B-00C04F79EFBC}") = "AsheJuniper.Zerda.Engine", "AsheJuniper.Zerda.Engine\AsheJuniper.Zerda.Engine.csproj", "{A069D921-D443-4032-8728-A1B9C4A1DFEA}"
EndProject
Project("{FAE04EC0-301F-11D3-BF4B-00C04F79EFBC}") = "AsheJuniper.Zerda.Engine.Applications.DesktopApplication", "AsheJuniper.Zerda.Engine.Applications.DesktopApplication\AsheJuniper.Zerda.Engine.Applications.DesktopApplication.csproj", "{8F8296C2-209B-457E-94EA-14CDFA90AC45}"
EndProject
Global
	GlobalSection(SolutionConfigurationPlatforms) = preSolution
		Debug|Any CPU = Debug|Any CPU
		Release|Any CPU = Release|Any CPU
	EndGlobalSection
	GlobalSection(SolutionProperties) = preSolution
		HideSolutionNode = FALSE
	EndGlobalSection
	GlobalSection(ProjectConfigurationPlatforms) = postSolution
		{A069D921-D443-4032-8728-A1B9C4A1DFEA}.Debug|Any CPU.ActiveCfg = Debug|Any CPU
		{A069D921-D443-4032-8728-A1B9C4A1DFEA}.Debug|Any CPU.Build.0 = Debug|Any CPU
		{A069D921-D443-4032-8728-A1B9C4A1DFEA}.Release|Any CPU.ActiveCfg = Release|Any CPU
		{A069D921-D443-4032-8728-A1B9C4A1DFEA}.Release|Any CPU.Build.0 = Release|Any CPU
		{8F8296C2-209B-457E-94EA-14CDFA90AC45}.Debug|Any CPU.ActiveCfg = Debug|Any CPU
		{8F8296C2-209B-457E-94EA-14CDFA90AC45}.Debug|Any CPU.Build.0 = Debug|Any CPU
		{8F8296C2-209B-457E-94EA-14CDFA90AC45}.Release|Any CPU.ActiveCfg = Release|Any CPU
		{8F8296C2-209B-457E-94EA-14CDFA90AC45}.Release|Any CPU.Build.0 = Release|Any CPU
	EndGlobalSection
EndGlobal
